
Microsoft Visual Studio Solution File, Format Version 12.00
# Visual Studio 15
VisualStudioVersion = 15.0.27703.2047
MinimumVisualStudioVersion = 10.0.40219.1
Project("{FAE04EC0-301F-11D3-BF4B-00C04F79EFBC}") = "JSONDecoder", "JSONDecoder.csproj", "{7B604F37-11C5-499F-9CE2-943BAFB60552}"
EndProject
Global
	GlobalSection(SolutionConfigurationPlatforms) = preSolution
		Debug - Reduced|Any CPU = Debug - Reduced|Any CPU
		Debug|Any CPU = Debug|Any CPU
		Release|Any CPU = Release|Any CPU
	EndGlobalSection
	GlobalSection(ProjectConfigurationPlatforms) = postSolution
		{7B604F37-11C5-499F-9CE2-943BAFB60552}.Debug - Reduced|Any CPU.ActiveCfg = Debug - Reduced|Any CPU
		{7B604F37-11C5-499F-9CE2-943BAFB60552}.Debug - Reduced|Any CPU.Build.0 = Debug - Reduced|Any CPU
		{7B604F37-11C5-499F-9CE2-943BAFB60552}.Debug|Any CPU.ActiveCfg = Debug|Any CPU
		{7B604F37-11C5-499F-9CE2-943BAFB60552}.Debug|Any CPU.Build.0 = Debug|Any CPU
		{7B604F37-11C5-499F-9CE2-943BAFB60552}.Release|Any CPU.ActiveCfg = Release|Any CPU
		{7B604F37-11C5-499F-9CE2-943BAFB60552}.Release|Any CPU.Build.0 = Release|Any CPU
	EndGlobalSection
	GlobalSection(SolutionProperties) = preSolution
		HideSolutionNode = FALSE
	EndGlobalSection
	GlobalSection(ExtensibilityGlobals) = postSolution
		SolutionGuid = {B8711430-F6A7-4E79-B865-5EC3BE1F5BB2}
	EndGlobalSection
EndGlobal
